
Microsoft Visual Studio Solution File, Format Version 12.00
# Visual Studio Version 17
VisualStudioVersion = 17.5.33530.505
MinimumVisualStudioVersion = 10.0.40219.1
Project("{8BC9CEB8-8B4A-11D0-8D11-00A0C91BC942}") = "Last Will", "Last Will.vcxproj", "{2400ABDD-CAA2-490B-A5FB-549B6D7E1B70}"
EndProject
Global
	GlobalSection(SolutionConfigurationPlatforms) = preSolution
		Debug|x64 = Debug|x64
		Debug|x86 = Debug|x86
		Release|x64 = Release|x64
		Release|x86 = Release|x86
	EndGlobalSection
	GlobalSection(ProjectConfigurationPlatforms) = postSolution
		{2400ABDD-CAA2-490B-A5FB-549B6D7E1B70}.Debug|x64.ActiveCfg = Debug|x64
		{2400ABDD-CAA2-490B-A5FB-549B6D7E1B70}.Debug|x64.Build.0 = Debug|x64
		{2400ABDD-CAA2-490B-A5FB-549B6D7E1B70}.Debug|x86.ActiveCfg = Debug|Win32
		{2400ABDD-CAA2-490B-A5FB-549B6D7E1B70}.Debug|x86.Build.0 = Debug|Win32
		{2400ABDD-CAA2-490B-A5FB-549B6D7E1B70}.Release|x64.ActiveCfg = Release|x64
		{2400ABDD-CAA2-490B-A5FB-549B6D7E1B70}.Release|x64.Build.0 = Release|x64
		{2400ABDD-CAA2-490B-A5FB-549B6D7E1B70}.Release|x86.ActiveCfg = Release|Win32
		{2400ABDD-CAA2-490B-A5FB-549B6D7E1B70}.Release|x86.Build.0 = Release|Win32
	EndGlobalSection
	GlobalSection(SolutionProperties) = preSolution
		HideSolutionNode = FALSE
	EndGlobalSection
	GlobalSection(ExtensibilityGlobals) = postSolution
		SolutionGuid = {3D9E93C3-274A-45C7-9600-B4E944E5DD68}
	EndGlobalSection
EndGlobal
